
Microsoft Visual Studio Solution File, Format Version 12.00
# Visual Studio Version 16
VisualStudioVersion = 16.0.30907.101
MinimumVisualStudioVersion = 10.0.40219.1
Project("{FAE04EC0-301F-11D3-BF4B-00C04F79EFBC}") = "DamaUygulaması", "DamaUygulaması\DamaUygulaması.csproj", "{40DAEFDA-A1FF-4B74-8923-AEAE6ED40FB4}"
EndProject
Global
	GlobalSection(SolutionConfigurationPlatforms) = preSolution
		Debug|Any CPU = Debug|Any CPU
		Release|Any CPU = Release|Any CPU
	EndGlobalSection
	GlobalSection(ProjectConfigurationPlatforms) = postSolution
		{40DAEFDA-A1FF-4B74-8923-AEAE6ED40FB4}.Debug|Any CPU.ActiveCfg = Debug|Any CPU
		{40DAEFDA-A1FF-4B74-8923-AEAE6ED40FB4}.Debug|Any CPU.Build.0 = Debug|Any CPU
		{40DAEFDA-A1FF-4B74-8923-AEAE6ED40FB4}.Release|Any CPU.ActiveCfg = Release|Any CPU
		{40DAEFDA-A1FF-4B74-8923-AEAE6ED40FB4}.Release|Any CPU.Build.0 = Release|Any CPU
	EndGlobalSection
	GlobalSection(SolutionProperties) = preSolution
		HideSolutionNode = FALSE
	EndGlobalSection
	GlobalSection(ExtensibilityGlobals) = postSolution
		SolutionGuid = {3EA607F7-C11E-4A26-936C-827193B5344B}
	EndGlobalSection
EndGlobal
